lockfileVersion: '6.0'

settings:
  autoInstallPeers: true
  excludeLinksFromLockfile: false

devDependencies:
  '@types/node':
    specifier: 18.16.12
    version: 18.16.12

packages:

  /@types/node@18.16.12:
    resolution: {integrity: sha512-tIRrjbY9C277MOfP8M3zjMIhtMlUJ6YVqkGgLjz+74jVsdf4/UjC6Hku4+1N0BS0qyC0JAS6tJLUk9H6JUKviQ==}
    dev: true
